
Microsoft Visual Studio Solution File, Format Version 12.00
# Visual Studio 15
VisualStudioVersion = 15.0.28307.421
MinimumVisualStudioVersion = 10.0.40219.1
Project("{FAE04EC0-301F-11D3-BF4B-00C04F79EFBC}") = "IMissYouDemo", "IMissYouDemo\IMissYouDemo.csproj", "{615941E9-1289-4F59-8559-EC29503218BA}"
EndProject
Global
	GlobalSection(SolutionConfigurationPlatforms) = preSolution
		Debug|Any CPU = Debug|Any CPU
		Release|Any CPU = Release|Any CPU
	EndGlobalSection
	GlobalSection(ProjectConfigurationPlatforms) = postSolution
		{615941E9-1289-4F59-8559-EC29503218BA}.Debug|Any CPU.ActiveCfg = Debug|Any CPU
		{615941E9-1289-4F59-8559-EC29503218BA}.Debug|Any CPU.Build.0 = Debug|Any CPU
		{615941E9-1289-4F59-8559-EC29503218BA}.Release|Any CPU.ActiveCfg = Release|Any CPU
		{615941E9-1289-4F59-8559-EC29503218BA}.Release|Any CPU.Build.0 = Release|Any CPU
	EndGlobalSection
	GlobalSection(SolutionProperties) = preSolution
		HideSolutionNode = FALSE
	EndGlobalSection
	GlobalSection(ExtensibilityGlobals) = postSolution
		SolutionGuid = {482782F6-979D-4686-8164-DA9881CBE214}
	EndGlobalSection
EndGlobal
